<?xml version="1.0" encoding="utf-8"?>
<Project ToolsVersion="4.0" xmlns="http://schemas.microsoft.com/developer/msbuild/2003">
  <ItemGroup>
    <Filter Include="Source Files">
      <UniqueIdentifier>{4FC737F1-C7A5-4376-A066-2A32D752A2FF}</UniqueIdentifier>
      <Extensions>cpp;c;cc;cxx;def;odl;idl;hpj;bat;asm;asmx</Extensions>
    </Filter>
    <Filter Include="Header Files">
      <UniqueIdentifier>{93995380-89BD-4b04-88EB-625FBE52EBFB}</UniqueIdentifier>
      <Extensions>h;hpp;hxx;hm;inl;inc;xsd</Extensions>
    </Filter>
    <Filter Include="Resource Files">
      <UniqueIdentifier>{67DA6AB6-F800-4c08-8B7A-83BB121AAD01}</UniqueIdentifier>
      <Extensions>rc;ico;cur;bmp;dlg;rc2;rct;bin;rgs;gif;jpg;jpeg;jpe;resx;tiff;tif;png;wav</Extensions>
    </Filter>
  </ItemGroup>
  <ItemGroup>
    <ClCompile Include="Atrium.cpp">
      <Filter>Source Files</Filter>
    </ClCompile>
    <ClCompile Include="BlueGest.cpp">
      <Filter>Source Files</Filter>
    </ClCompile>
    <ClCompile Include="Butcol.cpp">
      <Filter>Source Files</Filter>
    </ClCompile>
    <ClCompile Include="Combo.cpp">
      <Filter>Source Files</Filter>
    </ClCompile>
    <ClCompile Include="CommandeArticle.cpp">
      <Filter>Source Files</Filter>
    </ClCompile>
    <ClCompile Include="CommandeConcert.cpp">
      <Filter>Source Files</Filter>
    </ClCompile>
    <ClCompile Include="CommandeConfig.cpp">
      <Filter>Source Files</Filter>
    </ClCompile>
    <ClCompile Include="CommandeControle.cpp">
      <Filter>Source Files</Filter>
    </ClCompile>
    <ClCompile Include="CommandeResultat.cpp">
      <Filter>Source Files</Filter>
    </ClCompile>
    <ClCompile Include="Concerto.cpp">
      <Filter>Source Files</Filter>
    </ClCompile>
    <ClCompile Include="ConcertoDlg.cpp">
      <Filter>Source Files</Filter>
    </ClCompile>
    <ClCompile Include="ControlColor.cpp">
      <Filter>Source Files</Filter>
    </ClCompile>
    <ClCompile Include="Crypt.cpp">
      <Filter>Source Files</Filter>
    </ClCompile>
    <ClCompile Include="Crypto.cpp">
      <Filter>Source Files</Filter>
    </ClCompile>
    <ClCompile Include="Digitick.cpp">
      <Filter>Source Files</Filter>
    </ClCompile>
    <ClCompile Include="DrawWindow.cpp">
      <Filter>Source Files</Filter>
    </ClCompile>
    <ClCompile Include="EAN128A.cpp">
      <Filter>Source Files</Filter>
    </ClCompile>
    <ClCompile Include="EAN13 COMBI.cpp">
      <Filter>Source Files</Filter>
    </ClCompile>
    <ClCompile Include="Export.cpp">
      <Filter>Source Files</Filter>
    </ClCompile>
    <ClCompile Include="Gal.cpp">
      <Filter>Source Files</Filter>
    </ClCompile>
    <ClCompile Include="Ident.cpp">
      <Filter>Source Files</Filter>
    </ClCompile>
    <ClCompile Include="ImportArticle.cpp">
      <Filter>Source Files</Filter>
    </ClCompile>
    <ClCompile Include="ImportTicket.cpp">
      <Filter>Source Files</Filter>
    </ClCompile>
    <ClCompile Include="InfoCert.cpp">
      <Filter>Source Files</Filter>
    </ClCompile>
    <ClCompile Include="Initialisation.cpp">
      <Filter>Source Files</Filter>
    </ClCompile>
    <ClCompile Include="Logger.cpp">
      <Filter>Source Files</Filter>
    </ClCompile>
    <ClCompile Include="Message.cpp">
      <Filter>Source Files</Filter>
    </ClCompile>
    <ClCompile Include="Num.cpp">
      <Filter>Source Files</Filter>
    </ClCompile>
    <ClCompile Include="PrintCaisse.cpp">
      <Filter>Source Files</Filter>
    </ClCompile>
    <ClCompile Include="PrintConso.cpp">
      <Filter>Source Files</Filter>
    </ClCompile>
    <ClCompile Include="PrintEntree.cpp">
      <Filter>Source Files</Filter>
    </ClCompile>
    <ClCompile Include="PrintMessage.cpp">
      <Filter>Source Files</Filter>
    </ClCompile>
    <ClCompile Include="PrintNews.cpp">
      <Filter>Source Files</Filter>
    </ClCompile>
    <ClCompile Include="PrintPrevente.cpp">
      <Filter>Source Files</Filter>
    </ClCompile>
    <ClCompile Include="SimPrint.cpp">
      <Filter>Source Files</Filter>
    </ClCompile>
    <ClCompile Include="stdafx.cpp">
      <Filter>Source Files</Filter>
    </ClCompile>
    <ClCompile Include="Thread Ethernet.cpp">
      <Filter>Source Files</Filter>
    </ClCompile>
    <ClCompile Include="Thread RS232.cpp">
      <Filter>Source Files</Filter>
    </ClCompile>
    <ClCompile Include="WritePrinter.cpp">
      <Filter>Source Files</Filter>
    </ClCompile>
  </ItemGroup>
  <ItemGroup>
    <Manifest Include="Concert.exe.manifest">
      <Filter>Source Files</Filter>
    </Manifest>
  </ItemGroup>
  <ItemGroup>
    <Image Include="res\icon2.ico">
      <Filter>Source Files</Filter>
    </Image>
    <Image Include="res\Appli.ico">
      <Filter>Resource Files</Filter>
    </Image>
    <Image Include="res\BA-1.bmp">
      <Filter>Resource Files</Filter>
    </Image>
    <Image Include="res\bitmap1.bmp">
      <Filter>Resource Files</Filter>
    </Image>
    <Image Include="res\bitmap5.bmp">
      <Filter>Resource Files</Filter>
    </Image>
    <Image Include="res\bitmap6.bmp">
      <Filter>Resource Files</Filter>
    </Image>
    <Image Include="res\bitmap7.bmp">
      <Filter>Resource Files</Filter>
    </Image>
    <Image Include="res\bitmap8.bmp">
      <Filter>Resource Files</Filter>
    </Image>
    <Image Include="res\bmp00001.bmp">
      <Filter>Resource Files</Filter>
    </Image>
    <Image Include="res\bmp00002.bmp">
      <Filter>Resource Files</Filter>
    </Image>
    <Image Include="res\bmp00003.bmp">
      <Filter>Resource Files</Filter>
    </Image>
    <Image Include="res\bmp00004.bmp">
      <Filter>Resource Files</Filter>
    </Image>
    <Image Include="res\bmp00005.bmp">
      <Filter>Resource Files</Filter>
    </Image>
    <Image Include="res\bmp00006.bmp">
      <Filter>Resource Files</Filter>
    </Image>
    <Image Include="res\bmp00007.bmp">
      <Filter>Resource Files</Filter>
    </Image>
    <Image Include="res\bmp00008.bmp">
      <Filter>Resource Files</Filter>
    </Image>
    <Image Include="res\bmp00009.bmp">
      <Filter>Resource Files</Filter>
    </Image>
    <Image Include="res\bmp00010.bmp">
      <Filter>Resource Files</Filter>
    </Image>
    <Image Include="res\Check.ico">
      <Filter>Resource Files</Filter>
    </Image>
    <Image Include="res\Concerto.ico">
      <Filter>Resource Files</Filter>
    </Image>
    <Image Include="res\gate.bmp">
      <Filter>Resource Files</Filter>
    </Image>
    <Image Include="res\icon1.ico">
      <Filter>Resource Files</Filter>
    </Image>
    <Image Include="res\imgClose.bmp">
      <Filter>Resource Files</Filter>
    </Image>
    <Image Include="res\imgCodeBarre.bmp">
      <Filter>Resource Files</Filter>
    </Image>
    <Image Include="res\imgFlDroite.bmp">
      <Filter>Resource Files</Filter>
    </Image>
    <Image Include="res\imgFlGauche.bmp">
      <Filter>Resource Files</Filter>
    </Image>
    <Image Include="res\nchek.ico">
      <Filter>Resource Files</Filter>
    </Image>
    <Image Include="res\QRview.bmp">
      <Filter>Resource Files</Filter>
    </Image>
    <Image Include="res\Radio.bmp">
      <Filter>Resource Files</Filter>
    </Image>
    <Image Include="res\radio1.bmp">
      <Filter>Resource Files</Filter>
    </Image>
    <Image Include="res\RadioC.bmp">
      <Filter>Resource Files</Filter>
    </Image>
    <Image Include="res\RadioR.bmp">
      <Filter>Resource Files</Filter>
    </Image>
    <Image Include="res\Radiored.bmp">
      <Filter>Resource Files</Filter>
    </Image>
    <Image Include="res\RadioV.bmp">
      <Filter>Resource Files</Filter>
    </Image>
    <Image Include="res\radiov1.bmp">
      <Filter>Resource Files</Filter>
    </Image>
    <Image Include="res\Radiovert.bmp">
      <Filter>Resource Files</Filter>
    </Image>
    <Image Include="res\sauto.bmp">
      <Filter>Resource Files</Filter>
    </Image>
    <Image Include="res\scanblue.bmp">
      <Filter>Resource Files</Filter>
    </Image>
    <Image Include="res\scanUSB.bmp">
      <Filter>Resource Files</Filter>
    </Image>
    <Image Include="res\serveur.bmp">
      <Filter>Resource Files</Filter>
    </Image>
    <Image Include="res\web.bmp">
      <Filter>Resource Files</Filter>
    </Image>
  </ItemGroup>
  <ItemGroup>
    <ClInclude Include="Combo.h">
      <Filter>Header Files</Filter>
    </ClInclude>
    <ClInclude Include="Concerto.h">
      <Filter>Header Files</Filter>
    </ClInclude>
    <ClInclude Include="ConcertoDlg.h">
      <Filter>Header Files</Filter>
    </ClInclude>
    <ClInclude Include="Gal.h">
      <Filter>Header Files</Filter>
    </ClInclude>
    <ClInclude Include="GdiplusBase.h">
      <Filter>Header Files</Filter>
    </ClInclude>
    <ClInclude Include="Ident.h">
      <Filter>Header Files</Filter>
    </ClInclude>
    <ClInclude Include="c:\users\barmatic\appdata\local\temp\rar$drb0.539\Key.h">
      <Filter>Header Files</Filter>
    </ClInclude>
    <ClInclude Include="Logger.h">
      <Filter>Header Files</Filter>
    </ClInclude>
    <ClInclude Include="Message.h">
      <Filter>Header Files</Filter>
    </ClInclude>
    <ClInclude Include="Num.h">
      <Filter>Header Files</Filter>
    </ClInclude>
    <ClInclude Include="PrintMessage.h">
      <Filter>Header Files</Filter>
    </ClInclude>
    <ClInclude Include="Resource.h">
      <Filter>Header Files</Filter>
    </ClInclude>
    <ClInclude Include="SimPrint.h">
      <Filter>Header Files</Filter>
    </ClInclude>
    <ClInclude Include="Singleton.h">
      <Filter>Header Files</Filter>
    </ClInclude>
    <ClInclude Include="stdafx.h">
      <Filter>Header Files</Filter>
    </ClInclude>
  </ItemGroup>
  <ItemGroup>
    <ResourceCompile Include="Concerto.rc">
      <Filter>Resource Files</Filter>
    </ResourceCompile>
  </ItemGroup>
  <ItemGroup>
    <Text Include="ReadMe.txt" />
  </ItemGroup>
  <ItemGroup>
    <CustomBuild Include="846231.mev">
      <Filter>Source Files</Filter>
    </CustomBuild>
    <CustomBuild Include="931961.mev">
      <Filter>Source Files</Filter>
    </CustomBuild>
    <CustomBuild Include="Dutch.lng">
      <Filter>Source Files</Filter>
    </CustomBuild>
    <CustomBuild Include="English.lng">
      <Filter>Source Files</Filter>
    </CustomBuild>
    <CustomBuild Include="French.lng">
      <Filter>Source Files</Filter>
    </CustomBuild>
    <CustomBuild Include="German.lng">
      <Filter>Source Files</Filter>
    </CustomBuild>
    <CustomBuild Include="Grandfichier.mev">
      <Filter>Source Files</Filter>
    </CustomBuild>
    <CustomBuild Include="Italian.lng">
      <Filter>Source Files</Filter>
    </CustomBuild>
    <CustomBuild Include="Portuguese.lng">
      <Filter>Source Files</Filter>
    </CustomBuild>
    <CustomBuild Include="Spanish.lng">
      <Filter>Source Files</Filter>
    </CustomBuild>
    <CustomBuild Include="res\Concert.rc2">
      <Filter>Resource Files</Filter>
    </CustomBuild>
  </ItemGroup>
</Project>